
Microsoft Visual Studio Solution File, Format Version 12.00
# Visual Studio Version 17
VisualStudioVersion = 17.14.36414.22
MinimumVisualStudioVersion = 10.0.40219.1
Project("{FAE04EC0-301F-11D3-BF4B-00C04F79EFBC}") = "GenericProvider", "DataProviders\GenericProvider\GenericProvider.csproj", "{96F90DBE-A880-4047-92DB-47747F936F95}"
EndProject
Project("{2150E333-8FDC-42A3-9474-1A3956D46DE8}") = "DataProviders", "DataProviders", "{02EA681E-C7D8-13C7-8484-4AC65E1B71E8}"
EndProject
Project("{2150E333-8FDC-42A3-9474-1A3956D46DE8}") = "Models", "Models", "{E479FC66-B7C7-4337-9631-C6A9006AD5DE}"
EndProject
Project("{FAE04EC0-301F-11D3-BF4B-00C04F79EFBC}") = "Models", "Models\Models\Models.csproj", "{168DCA8A-3E78-4105-A67E-B16D69581918}"
EndProject
Project("{FAE04EC0-301F-11D3-BF4B-00C04F79EFBC}") = "YahooFinanceProviders", "DataProviders\YahooFinanceProviders\YahooFinanceProviders.csproj", "{701A4197-B02B-464C-9ED9-6DE2A0F010E7}"
EndProject
Project("{2150E333-8FDC-42A3-9474-1A3956D46DE8}") = "Core", "Core", "{37966AC7-B09C-4FBF-87BC-FB8B3DCF1EE6}"
EndProject
Project("{FAE04EC0-301F-11D3-BF4B-00C04F79EFBC}") = "Technicals", "Core\Core\Technicals.csproj", "{58CADA71-4588-4E35-9B22-1092E8DA15F7}"
EndProject
Project("{FAE04EC0-301F-11D3-BF4B-00C04F79EFBC}") = "Tests", "Tests\Tests.csproj", "{3B4578F7-8ECA-4ED9-A752-27F89709BD50}"
EndProject
Project("{FAE04EC0-301F-11D3-BF4B-00C04F79EFBC}") = "Http", "Core\Http\Http.csproj", "{7CC0B3C9-64CB-4F00-B970-A9CF0296B529}"
EndProject
Project("{FAE04EC0-301F-11D3-BF4B-00C04F79EFBC}") = "TechnicalModels", "Models\TechnicalModels\TechnicalModels.csproj", "{ADCCAC29-F169-43AA-8261-5C6EB17FD6DC}"
EndProject
Project("{FAE04EC0-301F-11D3-BF4B-00C04F79EFBC}") = "PolygonIOProviders", "DataProviders\PolygonIOProviders\PolygonIOProviders.csproj", "{2BA15A7D-A3E2-4725-9865-1145308A3C5F}"
EndProject
Project("{2150E333-8FDC-42A3-9474-1A3956D46DE8}") = "Backtest", "Backtest", "{42890D93-DCDF-4101-9721-32AE701E957A}"
EndProject
Project("{FAE04EC0-301F-11D3-BF4B-00C04F79EFBC}") = "Backtester", "Backtest\Backtester\Backtester.csproj", "{042419F2-51BC-4F2D-A509-65361D6B8377}"
EndProject
Project("{FAE04EC0-301F-11D3-BF4B-00C04F79EFBC}") = "MarketEvents", "Backtest\MarketEvents\MarketEvents.csproj", "{B02BD71E-3300-4284-B198-411A622A9619}"
EndProject
Project("{FAE04EC0-301F-11D3-BF4B-00C04F79EFBC}") = "Strategies", "Backtest\Strategies\Strategies.csproj", "{C3CE6747-06BE-46E1-B377-57190B15997F}"
EndProject
Project("{2150E333-8FDC-42A3-9474-1A3956D46DE8}") = "Maths", "Maths", "{7C29C703-9ABC-4EF7-BB1E-CFAA214FC2BF}"
EndProject
Project("{FAE04EC0-301F-11D3-BF4B-00C04F79EFBC}") = "Maths", "Maths\Maths\Maths.csproj", "{F3757723-2786-4928-A1F2-FF6C43690BB3}"
EndProject
Project("{FAE04EC0-301F-11D3-BF4B-00C04F79EFBC}") = "MathModels", "Maths\MathModels\MathModels.csproj", "{F2C9B557-555A-4505-A40A-605F3BCD04BD}"
EndProject
Global
	GlobalSection(SolutionConfigurationPlatforms) = preSolution
		Debug|Any CPU = Debug|Any CPU
		Release|Any CPU = Release|Any CPU
	EndGlobalSection
	GlobalSection(ProjectConfigurationPlatforms) = postSolution
		{96F90DBE-A880-4047-92DB-47747F936F95}.Debug|Any CPU.ActiveCfg = Debug|Any CPU
		{96F90DBE-A880-4047-92DB-47747F936F95}.Debug|Any CPU.Build.0 = Debug|Any CPU
		{96F90DBE-A880-4047-92DB-47747F936F95}.Release|Any CPU.ActiveCfg = Release|Any CPU
		{96F90DBE-A880-4047-92DB-47747F936F95}.Release|Any CPU.Build.0 = Release|Any CPU
		{168DCA8A-3E78-4105-A67E-B16D69581918}.Debug|Any CPU.ActiveCfg = Debug|Any CPU
		{168DCA8A-3E78-4105-A67E-B16D69581918}.Debug|Any CPU.Build.0 = Debug|Any CPU
		{168DCA8A-3E78-4105-A67E-B16D69581918}.Release|Any CPU.ActiveCfg = Release|Any CPU
		{168DCA8A-3E78-4105-A67E-B16D69581918}.Release|Any CPU.Build.0 = Release|Any CPU
		{701A4197-B02B-464C-9ED9-6DE2A0F010E7}.Debug|Any CPU.ActiveCfg = Debug|Any CPU
		{701A4197-B02B-464C-9ED9-6DE2A0F010E7}.Debug|Any CPU.Build.0 = Debug|Any CPU
		{701A4197-B02B-464C-9ED9-6DE2A0F010E7}.Release|Any CPU.ActiveCfg = Release|Any CPU
		{701A4197-B02B-464C-9ED9-6DE2A0F010E7}.Release|Any CPU.Build.0 = Release|Any CPU
		{58CADA71-4588-4E35-9B22-1092E8DA15F7}.Debug|Any CPU.ActiveCfg = Debug|Any CPU
		{58CADA71-4588-4E35-9B22-1092E8DA15F7}.Debug|Any CPU.Build.0 = Debug|Any CPU
		{58CADA71-4588-4E35-9B22-1092E8DA15F7}.Release|Any CPU.ActiveCfg = Release|Any CPU
		{58CADA71-4588-4E35-9B22-1092E8DA15F7}.Release|Any CPU.Build.0 = Release|Any CPU
		{3B4578F7-8ECA-4ED9-A752-27F89709BD50}.Debug|Any CPU.ActiveCfg = Debug|Any CPU
		{3B4578F7-8ECA-4ED9-A752-27F89709BD50}.Debug|Any CPU.Build.0 = Debug|Any CPU
		{3B4578F7-8ECA-4ED9-A752-27F89709BD50}.Release|Any CPU.ActiveCfg = Release|Any CPU
		{3B4578F7-8ECA-4ED9-A752-27F89709BD50}.Release|Any CPU.Build.0 = Release|Any CPU
		{7CC0B3C9-64CB-4F00-B970-A9CF0296B529}.Debug|Any CPU.ActiveCfg = Debug|Any CPU
		{7CC0B3C9-64CB-4F00-B970-A9CF0296B529}.Debug|Any CPU.Build.0 = Debug|Any CPU
		{7CC0B3C9-64CB-4F00-B970-A9CF0296B529}.Release|Any CPU.ActiveCfg = Release|Any CPU
		{7CC0B3C9-64CB-4F00-B970-A9CF0296B529}.Release|Any CPU.Build.0 = Release|Any CPU
		{ADCCAC29-F169-43AA-8261-5C6EB17FD6DC}.Debug|Any CPU.ActiveCfg = Debug|Any CPU
		{ADCCAC29-F169-43AA-8261-5C6EB17FD6DC}.Debug|Any CPU.Build.0 = Debug|Any CPU
		{ADCCAC29-F169-43AA-8261-5C6EB17FD6DC}.Release|Any CPU.ActiveCfg = Release|Any CPU
		{ADCCAC29-F169-43AA-8261-5C6EB17FD6DC}.Release|Any CPU.Build.0 = Release|Any CPU
		{2BA15A7D-A3E2-4725-9865-1145308A3C5F}.Debug|Any CPU.ActiveCfg = Debug|Any CPU
		{2BA15A7D-A3E2-4725-9865-1145308A3C5F}.Debug|Any CPU.Build.0 = Debug|Any CPU
		{2BA15A7D-A3E2-4725-9865-1145308A3C5F}.Release|Any CPU.ActiveCfg = Release|Any CPU
		{2BA15A7D-A3E2-4725-9865-1145308A3C5F}.Release|Any CPU.Build.0 = Release|Any CPU
		{042419F2-51BC-4F2D-A509-65361D6B8377}.Debug|Any CPU.ActiveCfg = Debug|Any CPU
		{042419F2-51BC-4F2D-A509-65361D6B8377}.Debug|Any CPU.Build.0 = Debug|Any CPU
		{042419F2-51BC-4F2D-A509-65361D6B8377}.Release|Any CPU.ActiveCfg = Release|Any CPU
		{042419F2-51BC-4F2D-A509-65361D6B8377}.Release|Any CPU.Build.0 = Release|Any CPU
		{B02BD71E-3300-4284-B198-411A622A9619}.Debug|Any CPU.ActiveCfg = Debug|Any CPU
		{B02BD71E-3300-4284-B198-411A622A9619}.Debug|Any CPU.Build.0 = Debug|Any CPU
		{B02BD71E-3300-4284-B198-411A622A9619}.Release|Any CPU.ActiveCfg = Release|Any CPU
		{B02BD71E-3300-4284-B198-411A622A9619}.Release|Any CPU.Build.0 = Release|Any CPU
		{C3CE6747-06BE-46E1-B377-57190B15997F}.Debug|Any CPU.ActiveCfg = Debug|Any CPU
		{C3CE6747-06BE-46E1-B377-57190B15997F}.Debug|Any CPU.Build.0 = Debug|Any CPU
		{C3CE6747-06BE-46E1-B377-57190B15997F}.Release|Any CPU.ActiveCfg = Release|Any CPU
		{C3CE6747-06BE-46E1-B377-57190B15997F}.Release|Any CPU.Build.0 = Release|Any CPU
		{F3757723-2786-4928-A1F2-FF6C43690BB3}.Debug|Any CPU.ActiveCfg = Debug|Any CPU
		{F3757723-2786-4928-A1F2-FF6C43690BB3}.Debug|Any CPU.Build.0 = Debug|Any CPU
		{F3757723-2786-4928-A1F2-FF6C43690BB3}.Release|Any CPU.ActiveCfg = Release|Any CPU
		{F3757723-2786-4928-A1F2-FF6C43690BB3}.Release|Any CPU.Build.0 = Release|Any CPU
		{F2C9B557-555A-4505-A40A-605F3BCD04BD}.Debug|Any CPU.ActiveCfg = Debug|Any CPU
		{F2C9B557-555A-4505-A40A-605F3BCD04BD}.Debug|Any CPU.Build.0 = Debug|Any CPU
		{F2C9B557-555A-4505-A40A-605F3BCD04BD}.Release|Any CPU.ActiveCfg = Release|Any CPU
		{F2C9B557-555A-4505-A40A-605F3BCD04BD}.Release|Any CPU.Build.0 = Release|Any CPU
	EndGlobalSection
	GlobalSection(SolutionProperties) = preSolution
		HideSolutionNode = FALSE
	EndGlobalSection
	GlobalSection(NestedProjects) = preSolution
		{96F90DBE-A880-4047-92DB-47747F936F95} = {02EA681E-C7D8-13C7-8484-4AC65E1B71E8}
		{168DCA8A-3E78-4105-A67E-B16D69581918} = {E479FC66-B7C7-4337-9631-C6A9006AD5DE}
		{701A4197-B02B-464C-9ED9-6DE2A0F010E7} = {02EA681E-C7D8-13C7-8484-4AC65E1B71E8}
		{58CADA71-4588-4E35-9B22-1092E8DA15F7} = {37966AC7-B09C-4FBF-87BC-FB8B3DCF1EE6}
		{7CC0B3C9-64CB-4F00-B970-A9CF0296B529} = {37966AC7-B09C-4FBF-87BC-FB8B3DCF1EE6}
		{ADCCAC29-F169-43AA-8261-5C6EB17FD6DC} = {E479FC66-B7C7-4337-9631-C6A9006AD5DE}
		{2BA15A7D-A3E2-4725-9865-1145308A3C5F} = {02EA681E-C7D8-13C7-8484-4AC65E1B71E8}
		{042419F2-51BC-4F2D-A509-65361D6B8377} = {42890D93-DCDF-4101-9721-32AE701E957A}
		{B02BD71E-3300-4284-B198-411A622A9619} = {42890D93-DCDF-4101-9721-32AE701E957A}
		{C3CE6747-06BE-46E1-B377-57190B15997F} = {42890D93-DCDF-4101-9721-32AE701E957A}
		{F3757723-2786-4928-A1F2-FF6C43690BB3} = {7C29C703-9ABC-4EF7-BB1E-CFAA214FC2BF}
		{F2C9B557-555A-4505-A40A-605F3BCD04BD} = {7C29C703-9ABC-4EF7-BB1E-CFAA214FC2BF}
	EndGlobalSection
	GlobalSection(ExtensibilityGlobals) = postSolution
		SolutionGuid = {77C53013-0DC2-4892-8622-FB7F57E6B791}
	EndGlobalSection
EndGlobal
