
Microsoft Visual Studio Solution File, Format Version 12.00
# Visual Studio Version 17
VisualStudioVersion = 17.14.36212.18
MinimumVisualStudioVersion = 10.0.40219.1
Project("{FAE04EC0-301F-11D3-BF4B-00C04F79EFBC}") = "OctoWhirl.Client", "API\OctoWhirl.Client\OctoWhirl.Client.csproj", "{63B48E27-1CB4-2599-E286-D2DF8EB4FC91}"
EndProject
Project("{2150E333-8FDC-42A3-9474-1A3956D46DE8}") = "API", "API", "{02EA681E-C7D8-13C7-8484-4AC65E1B71E8}"
EndProject
Project("{2150E333-8FDC-42A3-9474-1A3956D46DE8}") = "Core", "Core", "{8716A154-77B4-420A-AA85-463953761A47}"
EndProject
Project("{2150E333-8FDC-42A3-9474-1A3956D46DE8}") = "Tools", "Tools", "{37287FDB-AB52-4BD5-B086-854F27202945}"
EndProject
Project("{2150E333-8FDC-42A3-9474-1A3956D46DE8}") = "GUI", "GUI", "{2EF47465-4ABD-4F85-A967-644E8BCED23A}"
EndProject
Project("{FAE04EC0-301F-11D3-BF4B-00C04F79EFBC}") = "Maths", "Core\Tools\Maths\Maths.csproj", "{C550BDD3-4477-4887-8DF7-34A976E37A6F}"
EndProject
Project("{FAE04EC0-301F-11D3-BF4B-00C04F79EFBC}") = "Models", "Core\Models\Models.csproj", "{E2FD97A9-0FA4-4370-9A26-69A9859ED104}"
EndProject
Project("{FAE04EC0-301F-11D3-BF4B-00C04F79EFBC}") = "Technicals", "Core\Tools\Technicals\Technicals.csproj", "{DDDFD217-1062-4DCC-9D60-877196A5950C}"
EndProject
Project("{FAE04EC0-301F-11D3-BF4B-00C04F79EFBC}") = "Serializer", "Core\Tools\Serializer\Serializer.csproj", "{B2E99FF0-C836-2391-F449-292C3B044A4C}"
EndProject
Project("{2150E333-8FDC-42A3-9474-1A3956D46DE8}") = "TechnicalServices", "TechnicalServices", "{5591BE38-B889-49CD-8450-1828EAC84ADF}"
EndProject
Project("{2150E333-8FDC-42A3-9474-1A3956D46DE8}") = "BusinessServices", "BusinessServices", "{274BBD63-0619-48E4-B1C7-0C247323741E}"
EndProject
Project("{2150E333-8FDC-42A3-9474-1A3956D46DE8}") = "Data", "Data", "{8497621E-35E5-4483-AD82-08E7B38B791C}"
EndProject
Project("{FAE04EC0-301F-11D3-BF4B-00C04F79EFBC}") = "Data.App", "BusinessServices\Data\Data.App\Data.App.csproj", "{701B1B1B-BAA2-B6E0-D105-B01A606062A1}"
EndProject
Project("{FAE04EC0-301F-11D3-BF4B-00C04F79EFBC}") = "Data.Core", "BusinessServices\Data\Data.Core\Data.Core.csproj", "{32AA97E6-0611-6B20-4CD6-966AA22350A4}"
EndProject
Project("{2150E333-8FDC-42A3-9474-1A3956D46DE8}") = "Test", "Test", "{C4A4E3F1-CC59-4493-967A-A73C855719B1}"
EndProject
Project("{FAE04EC0-301F-11D3-BF4B-00C04F79EFBC}") = "DataService", "TechnicalServices\DataService\DataService.csproj", "{478AF8EE-9FA2-A4AB-91FC-3798DA47FAD1}"
EndProject
Project("{FAE04EC0-301F-11D3-BF4B-00C04F79EFBC}") = "Data.Test", "TechnicalServices\Test\Data.Test\Data.Test.csproj", "{90B77683-F9F5-37BB-7376-B52DF7A471D9}"
EndProject
Project("{FAE04EC0-301F-11D3-BF4B-00C04F79EFBC}") = "Strategy", "TechnicalServices\Strategy\Strategy.csproj", "{783F56BA-8A41-379C-02D6-E65BD72E8CB6}"
EndProject
Project("{FAE04EC0-301F-11D3-BF4B-00C04F79EFBC}") = "Pricing", "Core\Pricing\Pricing.csproj", "{C7D54363-4C50-37BC-225C-6CAC6F91E257}"
EndProject
Project("{FAE04EC0-301F-11D3-BF4B-00C04F79EFBC}") = "AsyncTools", "Core\Tools\AsyncTools\AsyncTools.csproj", "{20544FB9-8292-4C74-84D2-FC866BD6DCA3}"
EndProject
Project("{FAE04EC0-301F-11D3-BF4B-00C04F79EFBC}") = "Strategy.Test", "TechnicalServices\Test\StrategyTest\Strategy.Test.csproj", "{1A2F397C-8107-421E-ACD1-B7F1F745BCC1}"
EndProject
Project("{2150E333-8FDC-42A3-9474-1A3956D46DE8}") = "Views", "Views", "{19033662-56EE-4BB4-8E13-FBC095300A55}"
EndProject
Project("{2150E333-8FDC-42A3-9474-1A3956D46DE8}") = "ViewModels", "ViewModels", "{7F8F954E-CA62-4CB7-AAFB-F59C49A22AF5}"
EndProject
Global
	GlobalSection(SolutionConfigurationPlatforms) = preSolution
		Debug|Any CPU = Debug|Any CPU
		Release|Any CPU = Release|Any CPU
	EndGlobalSection
	GlobalSection(ProjectConfigurationPlatforms) = postSolution
		{63B48E27-1CB4-2599-E286-D2DF8EB4FC91}.Debug|Any CPU.ActiveCfg = Debug|Any CPU
		{63B48E27-1CB4-2599-E286-D2DF8EB4FC91}.Debug|Any CPU.Build.0 = Debug|Any CPU
		{63B48E27-1CB4-2599-E286-D2DF8EB4FC91}.Release|Any CPU.ActiveCfg = Release|Any CPU
		{63B48E27-1CB4-2599-E286-D2DF8EB4FC91}.Release|Any CPU.Build.0 = Release|Any CPU
		{C550BDD3-4477-4887-8DF7-34A976E37A6F}.Debug|Any CPU.ActiveCfg = Debug|Any CPU
		{C550BDD3-4477-4887-8DF7-34A976E37A6F}.Debug|Any CPU.Build.0 = Debug|Any CPU
		{C550BDD3-4477-4887-8DF7-34A976E37A6F}.Release|Any CPU.ActiveCfg = Release|Any CPU
		{C550BDD3-4477-4887-8DF7-34A976E37A6F}.Release|Any CPU.Build.0 = Release|Any CPU
		{E2FD97A9-0FA4-4370-9A26-69A9859ED104}.Debug|Any CPU.ActiveCfg = Debug|Any CPU
		{E2FD97A9-0FA4-4370-9A26-69A9859ED104}.Debug|Any CPU.Build.0 = Debug|Any CPU
		{E2FD97A9-0FA4-4370-9A26-69A9859ED104}.Release|Any CPU.ActiveCfg = Release|Any CPU
		{E2FD97A9-0FA4-4370-9A26-69A9859ED104}.Release|Any CPU.Build.0 = Release|Any CPU
		{DDDFD217-1062-4DCC-9D60-877196A5950C}.Debug|Any CPU.ActiveCfg = Debug|Any CPU
		{DDDFD217-1062-4DCC-9D60-877196A5950C}.Debug|Any CPU.Build.0 = Debug|Any CPU
		{DDDFD217-1062-4DCC-9D60-877196A5950C}.Release|Any CPU.ActiveCfg = Release|Any CPU
		{DDDFD217-1062-4DCC-9D60-877196A5950C}.Release|Any CPU.Build.0 = Release|Any CPU
		{B2E99FF0-C836-2391-F449-292C3B044A4C}.Debug|Any CPU.ActiveCfg = Debug|Any CPU
		{B2E99FF0-C836-2391-F449-292C3B044A4C}.Debug|Any CPU.Build.0 = Debug|Any CPU
		{B2E99FF0-C836-2391-F449-292C3B044A4C}.Release|Any CPU.ActiveCfg = Release|Any CPU
		{B2E99FF0-C836-2391-F449-292C3B044A4C}.Release|Any CPU.Build.0 = Release|Any CPU
		{701B1B1B-BAA2-B6E0-D105-B01A606062A1}.Debug|Any CPU.ActiveCfg = Debug|Any CPU
		{701B1B1B-BAA2-B6E0-D105-B01A606062A1}.Debug|Any CPU.Build.0 = Debug|Any CPU
		{701B1B1B-BAA2-B6E0-D105-B01A606062A1}.Release|Any CPU.ActiveCfg = Release|Any CPU
		{701B1B1B-BAA2-B6E0-D105-B01A606062A1}.Release|Any CPU.Build.0 = Release|Any CPU
		{32AA97E6-0611-6B20-4CD6-966AA22350A4}.Debug|Any CPU.ActiveCfg = Debug|Any CPU
		{32AA97E6-0611-6B20-4CD6-966AA22350A4}.Debug|Any CPU.Build.0 = Debug|Any CPU
		{32AA97E6-0611-6B20-4CD6-966AA22350A4}.Release|Any CPU.ActiveCfg = Release|Any CPU
		{32AA97E6-0611-6B20-4CD6-966AA22350A4}.Release|Any CPU.Build.0 = Release|Any CPU
		{478AF8EE-9FA2-A4AB-91FC-3798DA47FAD1}.Debug|Any CPU.ActiveCfg = Debug|Any CPU
		{478AF8EE-9FA2-A4AB-91FC-3798DA47FAD1}.Debug|Any CPU.Build.0 = Debug|Any CPU
		{478AF8EE-9FA2-A4AB-91FC-3798DA47FAD1}.Release|Any CPU.ActiveCfg = Release|Any CPU
		{478AF8EE-9FA2-A4AB-91FC-3798DA47FAD1}.Release|Any CPU.Build.0 = Release|Any CPU
		{90B77683-F9F5-37BB-7376-B52DF7A471D9}.Debug|Any CPU.ActiveCfg = Debug|Any CPU
		{90B77683-F9F5-37BB-7376-B52DF7A471D9}.Debug|Any CPU.Build.0 = Debug|Any CPU
		{90B77683-F9F5-37BB-7376-B52DF7A471D9}.Release|Any CPU.ActiveCfg = Release|Any CPU
		{90B77683-F9F5-37BB-7376-B52DF7A471D9}.Release|Any CPU.Build.0 = Release|Any CPU
		{783F56BA-8A41-379C-02D6-E65BD72E8CB6}.Debug|Any CPU.ActiveCfg = Debug|Any CPU
		{783F56BA-8A41-379C-02D6-E65BD72E8CB6}.Debug|Any CPU.Build.0 = Debug|Any CPU
		{783F56BA-8A41-379C-02D6-E65BD72E8CB6}.Release|Any CPU.ActiveCfg = Release|Any CPU
		{783F56BA-8A41-379C-02D6-E65BD72E8CB6}.Release|Any CPU.Build.0 = Release|Any CPU
		{C7D54363-4C50-37BC-225C-6CAC6F91E257}.Debug|Any CPU.ActiveCfg = Debug|Any CPU
		{C7D54363-4C50-37BC-225C-6CAC6F91E257}.Debug|Any CPU.Build.0 = Debug|Any CPU
		{C7D54363-4C50-37BC-225C-6CAC6F91E257}.Release|Any CPU.ActiveCfg = Release|Any CPU
		{C7D54363-4C50-37BC-225C-6CAC6F91E257}.Release|Any CPU.Build.0 = Release|Any CPU
		{20544FB9-8292-4C74-84D2-FC866BD6DCA3}.Debug|Any CPU.ActiveCfg = Debug|Any CPU
		{20544FB9-8292-4C74-84D2-FC866BD6DCA3}.Debug|Any CPU.Build.0 = Debug|Any CPU
		{20544FB9-8292-4C74-84D2-FC866BD6DCA3}.Release|Any CPU.ActiveCfg = Release|Any CPU
		{20544FB9-8292-4C74-84D2-FC866BD6DCA3}.Release|Any CPU.Build.0 = Release|Any CPU
		{1A2F397C-8107-421E-ACD1-B7F1F745BCC1}.Debug|Any CPU.ActiveCfg = Debug|Any CPU
		{1A2F397C-8107-421E-ACD1-B7F1F745BCC1}.Debug|Any CPU.Build.0 = Debug|Any CPU
		{1A2F397C-8107-421E-ACD1-B7F1F745BCC1}.Release|Any CPU.ActiveCfg = Release|Any CPU
		{1A2F397C-8107-421E-ACD1-B7F1F745BCC1}.Release|Any CPU.Build.0 = Release|Any CPU
	EndGlobalSection
	GlobalSection(SolutionProperties) = preSolution
		HideSolutionNode = FALSE
	EndGlobalSection
	GlobalSection(NestedProjects) = preSolution
		{63B48E27-1CB4-2599-E286-D2DF8EB4FC91} = {02EA681E-C7D8-13C7-8484-4AC65E1B71E8}
		{37287FDB-AB52-4BD5-B086-854F27202945} = {8716A154-77B4-420A-AA85-463953761A47}
		{C550BDD3-4477-4887-8DF7-34A976E37A6F} = {37287FDB-AB52-4BD5-B086-854F27202945}
		{E2FD97A9-0FA4-4370-9A26-69A9859ED104} = {8716A154-77B4-420A-AA85-463953761A47}
		{DDDFD217-1062-4DCC-9D60-877196A5950C} = {37287FDB-AB52-4BD5-B086-854F27202945}
		{B2E99FF0-C836-2391-F449-292C3B044A4C} = {37287FDB-AB52-4BD5-B086-854F27202945}
		{8497621E-35E5-4483-AD82-08E7B38B791C} = {274BBD63-0619-48E4-B1C7-0C247323741E}
		{701B1B1B-BAA2-B6E0-D105-B01A606062A1} = {8497621E-35E5-4483-AD82-08E7B38B791C}
		{32AA97E6-0611-6B20-4CD6-966AA22350A4} = {8497621E-35E5-4483-AD82-08E7B38B791C}
		{C4A4E3F1-CC59-4493-967A-A73C855719B1} = {5591BE38-B889-49CD-8450-1828EAC84ADF}
		{478AF8EE-9FA2-A4AB-91FC-3798DA47FAD1} = {5591BE38-B889-49CD-8450-1828EAC84ADF}
		{90B77683-F9F5-37BB-7376-B52DF7A471D9} = {C4A4E3F1-CC59-4493-967A-A73C855719B1}
		{783F56BA-8A41-379C-02D6-E65BD72E8CB6} = {5591BE38-B889-49CD-8450-1828EAC84ADF}
		{C7D54363-4C50-37BC-225C-6CAC6F91E257} = {8716A154-77B4-420A-AA85-463953761A47}
		{20544FB9-8292-4C74-84D2-FC866BD6DCA3} = {37287FDB-AB52-4BD5-B086-854F27202945}
		{1A2F397C-8107-421E-ACD1-B7F1F745BCC1} = {C4A4E3F1-CC59-4493-967A-A73C855719B1}
		{19033662-56EE-4BB4-8E13-FBC095300A55} = {2EF47465-4ABD-4F85-A967-644E8BCED23A}
		{7F8F954E-CA62-4CB7-AAFB-F59C49A22AF5} = {2EF47465-4ABD-4F85-A967-644E8BCED23A}
	EndGlobalSection
	GlobalSection(ExtensibilityGlobals) = postSolution
		SolutionGuid = {EB65BC26-0A73-4AE9-9F0B-E966BC59E3A4}
	EndGlobalSection
EndGlobal
